
Microsoft Visual Studio Solution File, Format Version 12.00
# Visual Studio Version 17
VisualStudioVersion = 17.0.31903.59
MinimumVisualStudioVersion = 10.0.40219.1
Project("{FAE04EC0-301F-11D3-BF4B-00C04F79EFBC}") = "AITaggerSDK", "AITaggerSDK\AITaggerSDK.csproj", "{D997105A-DA9E-439E-8950-15ED59B96416}"
EndProject
Project("{FAE04EC0-301F-11D3-BF4B-00C04F79EFBC}") = "AITaggerCLI", "AITaggerCLI\AITaggerCLI.csproj", "{A4F38D57-DCC7-4F52-AD65-F6D6FB8A7C3F}"
EndProject
Project("{FAE04EC0-301F-11D3-BF4B-00C04F79EFBC}") = "ExampleAITagger-API", "ExampleAITagger-API\ExampleAITagger-API.csproj", "{80A8A86B-C4F3-4683-9CE6-9503B1197214}"
EndProject
Global
	GlobalSection(SolutionConfigurationPlatforms) = preSolution
		Debug|Any CPU = Debug|Any CPU
		Release|Any CPU = Release|Any CPU
	EndGlobalSection
	GlobalSection(SolutionProperties) = preSolution
		HideSolutionNode = FALSE
	EndGlobalSection
	GlobalSection(ProjectConfigurationPlatforms) = postSolution
		{D997105A-DA9E-439E-8950-15ED59B96416}.Debug|Any CPU.ActiveCfg = Debug|Any CPU
		{D997105A-DA9E-439E-8950-15ED59B96416}.Debug|Any CPU.Build.0 = Debug|Any CPU
		{D997105A-DA9E-439E-8950-15ED59B96416}.Release|Any CPU.ActiveCfg = Release|Any CPU
		{D997105A-DA9E-439E-8950-15ED59B96416}.Release|Any CPU.Build.0 = Release|Any CPU
		{A4F38D57-DCC7-4F52-AD65-F6D6FB8A7C3F}.Debug|Any CPU.ActiveCfg = Debug|Any CPU
		{A4F38D57-DCC7-4F52-AD65-F6D6FB8A7C3F}.Debug|Any CPU.Build.0 = Debug|Any CPU
		{A4F38D57-DCC7-4F52-AD65-F6D6FB8A7C3F}.Release|Any CPU.ActiveCfg = Release|Any CPU
		{A4F38D57-DCC7-4F52-AD65-F6D6FB8A7C3F}.Release|Any CPU.Build.0 = Release|Any CPU
		{80A8A86B-C4F3-4683-9CE6-9503B1197214}.Debug|Any CPU.ActiveCfg = Debug|Any CPU
		{80A8A86B-C4F3-4683-9CE6-9503B1197214}.Debug|Any CPU.Build.0 = Debug|Any CPU
		{80A8A86B-C4F3-4683-9CE6-9503B1197214}.Release|Any CPU.ActiveCfg = Release|Any CPU
		{80A8A86B-C4F3-4683-9CE6-9503B1197214}.Release|Any CPU.Build.0 = Release|Any CPU
	EndGlobalSection
EndGlobal
